{
  "projects": [
    {
      "projectId": "58GpZjZCWTaJ8AUhpCwt2K",
      "version": "3.26.0",
      "dependencies": {},
      "lang": "ts",
      "fileLocks": [
        {
          "assetId": "58GpZjZCWTaJ8AUhpCwt2K",
          "type": "projectCss",
          "checksum": "fd84921cc10936e6ceb458c2ae01c4bd"
        }
      ],
      "codegenVersion": "0.0.1"
    },
    {
      "projectId": "7nJ7UcFmq9UzB6eXfC5z4a",
      "version": "0.29.0",
      "dependencies": {},
      "lang": "ts",
      "fileLocks": [
        {
          "assetId": "7nJ7UcFmq9UzB6eXfC5z4a",
          "type": "projectCss",
          "checksum": "05587b57f22f0ec8bb54543deb39762e"
        }
      ],
      "codegenVersion": "0.0.1"
    },
    {
      "projectId": "s1QsEFT39K8Ai5txQqtWZ7",
      "version": "latest",
      "dependencies": {
        "7nJ7UcFmq9UzB6eXfC5z4a": "0.29.0",
        "58GpZjZCWTaJ8AUhpCwt2K": "3.26.0"
      },
      "lang": "ts",
      "fileLocks": [
        {
          "type": "globalVariant",
          "assetId": "aL40W9Si1OlL",
          "checksum": "c22be0981e700198bc12164a8dcdddf9"
        },
        {
          "assetId": "s1QsEFT39K8Ai5txQqtWZ7",
          "type": "projectCss",
          "checksum": "a5207303527a901a8350c528a4a09dd2"
        },
        {
          "type": "renderModule",
          "assetId": "x_2hrByEM2Gr",
          "checksum": "2ced3f636eb633b5d3eb86d4f7a4d606"
        },
        {
          "type": "cssRules",
          "assetId": "x_2hrByEM2Gr",
          "checksum": "2ced3f636eb633b5d3eb86d4f7a4d606"
        },
        {
          "type": "renderModule",
          "assetId": "on6Eiz2K3J9X",
          "checksum": "7e4d541b2b0dd60aea8db9038aaffc86"
        },
        {
          "type": "cssRules",
          "assetId": "on6Eiz2K3J9X",
          "checksum": "7e4d541b2b0dd60aea8db9038aaffc86"
        },
        {
          "type": "renderModule",
          "assetId": "7qj011LTz9Bf",
          "checksum": "5a28b4bea1c7afc0e87c309847418c56"
        },
        {
          "type": "cssRules",
          "assetId": "7qj011LTz9Bf",
          "checksum": "5a28b4bea1c7afc0e87c309847418c56"
        },
        {
          "type": "renderModule",
          "assetId": "VLqV85ef1hf8",
          "checksum": "d85d650ad6f3498948602fc1f2f7c0cf"
        },
        {
          "type": "cssRules",
          "assetId": "VLqV85ef1hf8",
          "checksum": "d85d650ad6f3498948602fc1f2f7c0cf"
        },
        {
          "type": "renderModule",
          "assetId": "26g-1ZaT7eo8",
          "checksum": "48de4ba50e3a9f40cd804a3b3c4a97a9"
        },
        {
          "type": "cssRules",
          "assetId": "26g-1ZaT7eo8",
          "checksum": "48de4ba50e3a9f40cd804a3b3c4a97a9"
        },
        {
          "type": "renderModule",
          "assetId": "MUjqB8yHhNWE",
          "checksum": "16af74d0546febd54b7185c06a0c12ab"
        },
        {
          "type": "cssRules",
          "assetId": "MUjqB8yHhNWE",
          "checksum": "16af74d0546febd54b7185c06a0c12ab"
        },
        {
          "type": "renderModule",
          "assetId": "Qvdi11EgEKB7",
          "checksum": "3d6549b8230a17cfddbf0d7cc0a0b1d5"
        },
        {
          "type": "cssRules",
          "assetId": "Qvdi11EgEKB7",
          "checksum": "3d6549b8230a17cfddbf0d7cc0a0b1d5"
        },
        {
          "type": "renderModule",
          "assetId": "OCKPeKXbO6w5",
          "checksum": "1df26a60744b40354c2b530b9c924703"
        },
        {
          "type": "cssRules",
          "assetId": "OCKPeKXbO6w5",
          "checksum": "1df26a60744b40354c2b530b9c924703"
        },
        {
          "type": "renderModule",
          "assetId": "RSajBRhHU75K",
          "checksum": "f2092dbd869df4ce2d3c369e3b624d7b"
        },
        {
          "type": "cssRules",
          "assetId": "RSajBRhHU75K",
          "checksum": "f2092dbd869df4ce2d3c369e3b624d7b"
        },
        {
          "type": "renderModule",
          "assetId": "fWL_avyOzCVZ",
          "checksum": "33a6e0f83883831b44ffe0d28914beba"
        },
        {
          "type": "cssRules",
          "assetId": "fWL_avyOzCVZ",
          "checksum": "33a6e0f83883831b44ffe0d28914beba"
        },
        {
          "type": "renderModule",
          "assetId": "UXDz2bFuuALO",
          "checksum": "19b4bd465b6bc9ab3a038ca47cd44f1c"
        },
        {
          "type": "cssRules",
          "assetId": "UXDz2bFuuALO",
          "checksum": "19b4bd465b6bc9ab3a038ca47cd44f1c"
        },
        {
          "type": "icon",
          "assetId": "aed7kKHXnJ-P",
          "checksum": "2127b695abc7e61b89dbb71c395fa42a"
        },
        {
          "type": "icon",
          "assetId": "0stIRYVUzqkZ",
          "checksum": "6a8fb59bd9af853529bbfd045fa18abc"
        },
        {
          "type": "icon",
          "assetId": "sTEy8GRotEPh",
          "checksum": "5ca22325b216f9ee5b1e066bb51aa85f"
        },
        {
          "type": "icon",
          "assetId": "cpzBJUMA-uKu",
          "checksum": "e4cccd88b0976aea4718bf1586cd99f2"
        },
        {
          "type": "icon",
          "assetId": "UzcZE_vx8HoF",
          "checksum": "bf6407dc670a3c019e9be054b11884e8"
        },
        {
          "type": "icon",
          "assetId": "RjuY8jy7coOc",
          "checksum": "6736cf66f4d8b0215d3d8397790758c6"
        },
        {
          "type": "icon",
          "assetId": "b8YuHW05wmtQ",
          "checksum": "cb7bc74dc701522b22fc7b6cd9c8aa76"
        },
        {
          "type": "icon",
          "assetId": "cKFx7nOmgrb0",
          "checksum": "99a9db863d5a30a7c2913cb8e98fdd49"
        },
        {
          "type": "icon",
          "assetId": "jkfEIWwBl2_1",
          "checksum": "11df7965f723c11d4c369e863d3eed3b"
        },
        {
          "type": "icon",
          "assetId": "iKwCjVbkpnwy",
          "checksum": "a9427ab6929958f83544054fd7f43798"
        },
        {
          "type": "image",
          "assetId": "k8bS2Qe0H7Qw",
          "checksum": "84b8e787713d1801a75fb260028f74b5"
        },
        {
          "type": "image",
          "assetId": "o08aoxv6jbQi",
          "checksum": "62997cd815cc08f778bfc480b680bc2a"
        },
        {
          "type": "image",
          "assetId": "YpKGMd3wvGUT",
          "checksum": "e6a5506a8aa4569bffa65332a1e9f413"
        },
        {
          "type": "image",
          "assetId": "CdSuLAx2Leod",
          "checksum": "a3265287adf672c3a52ccf84c8d18ae0"
        },
        {
          "type": "image",
          "assetId": "VuwvKvIQbroT",
          "checksum": "59b8c87af88a2263fc3b389d11c2882f"
        },
        {
          "type": "image",
          "assetId": "JPhFE927umGI",
          "checksum": "c577332accddd7428df53091a7e09db4"
        },
        {
          "type": "image",
          "assetId": "MdU6aCutQ1Bd",
          "checksum": "4576431eb7537ba66bd4af3962471eb3"
        },
        {
          "type": "image",
          "assetId": "TPSok-iFYZXO",
          "checksum": "68e20804d9c49b065c67d73091e25b1c"
        },
        {
          "type": "image",
          "assetId": "eLuoDeqy0NL1",
          "checksum": "fd663ebb7c947366458001fa6c6e8b2a"
        },
        {
          "type": "image",
          "assetId": "dmwAQLkQAj16",
          "checksum": "f41433ef66c35b271b4e9a14858f79a9"
        },
        {
          "type": "image",
          "assetId": "k5RlyYvHH8cv",
          "checksum": "c733e715260c6d6d81b052e647c8a0b7"
        },
        {
          "type": "image",
          "assetId": "5LDe_ZWbHpSg",
          "checksum": "12a6f8aa85af3b648cb2e84431af545a"
        },
        {
          "type": "image",
          "assetId": "MEfs-APAuKPW",
          "checksum": "ab8ce51b75c6aae6e33e563179071c7c"
        },
        {
          "type": "image",
          "assetId": "Dg1upMZFRHez",
          "checksum": "5fce9fdb5a667cdbca92e5d820b8e580"
        },
        {
          "type": "image",
          "assetId": "2acDg8A7cPn2",
          "checksum": "bc8ec2aad247967051f99272b06bb40d"
        },
        {
          "type": "image",
          "assetId": "4W1E-t6jsCo9",
          "checksum": "d1086b32badee3edbeef82cfd2529e3c"
        },
        {
          "type": "image",
          "assetId": "_iDKeO0_0fxB",
          "checksum": "6ef5dd7a34bc0eca2f07b7f5f58760a1"
        },
        {
          "type": "image",
          "assetId": "_2xlDGJ7oXj6",
          "checksum": "4dc23a8ef0334eb47fc8dbfcbd0d8a87"
        },
        {
          "type": "image",
          "assetId": "mf9KSH3fgIyo",
          "checksum": "b674283f3ed13be7571328bcb96f739c"
        },
        {
          "type": "image",
          "assetId": "FU810e46KsGn",
          "checksum": "799edc9be35afc55cf64c504b653bf9d"
        },
        {
          "type": "image",
          "assetId": "KJVc_RnLfhXm",
          "checksum": "0423de00460c58dd85b63d0ff9905957"
        },
        {
          "type": "image",
          "assetId": "7YbP_SDXm_Ao",
          "checksum": "ca325b825070a7d2af57b3f1ef29ef0e"
        },
        {
          "type": "image",
          "assetId": "SeoOm96388ra",
          "checksum": "74062c39f08518be7c291a6d690b1702"
        },
        {
          "type": "image",
          "assetId": "hI1k_gvnM3EL",
          "checksum": "b195261b1c69865752e0b93ed299873f"
        },
        {
          "type": "image",
          "assetId": "mMjG9eVBIKM2",
          "checksum": "99779eeb9fd5287a9d74aea794ed6196"
        },
        {
          "type": "image",
          "assetId": "drsKkQMUbdok",
          "checksum": "ce9948f477cc3389e210a3534079d999"
        },
        {
          "type": "image",
          "assetId": "-FxZ-yxpVOX9",
          "checksum": "ee6f3ad07ed026b7fc75d030239fed41"
        },
        {
          "type": "image",
          "assetId": "OFMwRo6gXAn-",
          "checksum": "0505698fa03f564bde10bef759daa969"
        },
        {
          "type": "image",
          "assetId": "9qp9p1qxbPXZ",
          "checksum": "09adb7ac7d9096517f56591891c9223f"
        },
        {
          "type": "image",
          "assetId": "89wgvYkeEMP-",
          "checksum": "1c95230fee7d7691a5e1eec64fb8dcf9"
        },
        {
          "type": "image",
          "assetId": "1PvJOvcsI5vO",
          "checksum": "19e82fdaf7de633a3f09168d7bb09ce5"
        },
        {
          "type": "image",
          "assetId": "PAO2LKOC1yus",
          "checksum": "45f100b3ea3fb712085201a7b35a2ee1"
        },
        {
          "type": "image",
          "assetId": "oRsS1-QQpn3P",
          "checksum": "29ba27a8a33e5ea8687078ed2d7a6642"
        },
        {
          "type": "image",
          "assetId": "bmVrTSPdELd7",
          "checksum": "a2e0f853ec2a6e8d51c60740e0f2f636"
        },
        {
          "type": "image",
          "assetId": "QgJdTjgWtc2j",
          "checksum": "78e93458a74f5cf7b651b85071ac5a6a"
        },
        {
          "type": "image",
          "assetId": "gdCQ2yLJrPep",
          "checksum": "50af38785aabe4b2adeecd54db81dcf5"
        },
        {
          "type": "image",
          "assetId": "QChiDOnMPukH",
          "checksum": "89b8a823f1387438f66fddf45bee4e8d"
        },
        {
          "type": "image",
          "assetId": "JXtYppEu635S",
          "checksum": "423d56e6a3a4b88c73549d78ebd93d11"
        },
        {
          "type": "image",
          "assetId": "czRBye8DQGKL",
          "checksum": "56dfc470bdb077d1b88eb125c8b6a111"
        },
        {
          "type": "image",
          "assetId": "BdgiYSfXdW2p",
          "checksum": "609e10f93a3a49e8d3aabd65989880c8"
        },
        {
          "type": "image",
          "assetId": "56m1Jn-0s_ZU",
          "checksum": "4b50fd6aa57e9d38c7767b07866cd629"
        },
        {
          "type": "image",
          "assetId": "dOk82ntGOsZk",
          "checksum": "5085d7da9ec203ae66b3394a2b9b9293"
        },
        {
          "type": "image",
          "assetId": "hTzGevwhXiTn",
          "checksum": "4a1545a5f7f412c591b3105a2281e4cd"
        },
        {
          "type": "image",
          "assetId": "bRDnOt2Pg2KG",
          "checksum": "59b3ee5bafe68cd8c70ceb19d84373d1"
        }
      ],
      "codegenVersion": "0.0.1"
    }
  ],
  "cliVersion": "0.1.334"
}
